
Microsoft Visual Studio Solution File, Format Version 12.00
# Visual Studio Version 17
VisualStudioVersion = 17.13.35825.156 d17.13
MinimumVisualStudioVersion = 10.0.40219.1
Project("{FAE04EC0-301F-11D3-BF4B-00C04F79EFBC}") = "ServiceBusProcessor", "ServiceBusProcessor.csproj", "{419AC5E1-4A09-4396-93CD-E4F71F661BCC}"
EndProject
Global
	GlobalSection(SolutionConfigurationPlatforms) = preSolution
		Debug|Any CPU = Debug|Any CPU
		Release|Any CPU = Release|Any CPU
	EndGlobalSection
	GlobalSection(ProjectConfigurationPlatforms) = postSolution
		{419AC5E1-4A09-4396-93CD-E4F71F661BCC}.Debug|Any CPU.ActiveCfg = Debug|Any CPU
		{419AC5E1-4A09-4396-93CD-E4F71F661BCC}.Debug|Any CPU.Build.0 = Debug|Any CPU
		{419AC5E1-4A09-4396-93CD-E4F71F661BCC}.Release|Any CPU.ActiveCfg = Release|Any CPU
		{419AC5E1-4A09-4396-93CD-E4F71F661BCC}.Release|Any CPU.Build.0 = Release|Any CPU
	EndGlobalSection
	GlobalSection(SolutionProperties) = preSolution
		HideSolutionNode = FALSE
	EndGlobalSection
	GlobalSection(ExtensibilityGlobals) = postSolution
		SolutionGuid = {CCD75A1F-3E9F-4714-AFEE-E393702CEC84}
	EndGlobalSection
EndGlobal
